
Microsoft Visual Studio Solution File, Format Version 12.00
# Visual Studio Version 16
VisualStudioVersion = 16.0.31613.86
MinimumVisualStudioVersion = 10.0.40219.1
Project("{9A19103F-16F7-4668-BE54-9A1E7A4F7556}") = "MultiIdentityTest", "MultiIdentityTest\MultiIdentityTest.csproj", "{BC492772-9D8C-4246-B58D-DDBBB4530080}"
EndProject
Global
	GlobalSection(SolutionConfigurationPlatforms) = preSolution
		Debug|Any CPU = Debug|Any CPU
		Release|Any CPU = Release|Any CPU
	EndGlobalSection
	GlobalSection(ProjectConfigurationPlatforms) = postSolution
		{BC492772-9D8C-4246-B58D-DDBBB4530080}.Debug|Any CPU.ActiveCfg = Debug|Any CPU
		{BC492772-9D8C-4246-B58D-DDBBB4530080}.Debug|Any CPU.Build.0 = Debug|Any CPU
		{BC492772-9D8C-4246-B58D-DDBBB4530080}.Release|Any CPU.ActiveCfg = Release|Any CPU
		{BC492772-9D8C-4246-B58D-DDBBB4530080}.Release|Any CPU.Build.0 = Release|Any CPU
	EndGlobalSection
	GlobalSection(SolutionProperties) = preSolution
		HideSolutionNode = FALSE
	EndGlobalSection
	GlobalSection(ExtensibilityGlobals) = postSolution
		SolutionGuid = {3FA906C9-D0A8-4BC0-862F-B6B176D48EAA}
	EndGlobalSection
EndGlobal
